Microsoft Visual Studio Solution File, Format Version 12.00
# Visual Studio 14
Project("{8BC9CEB8-8B4A-11D0-8D11-00A0C91BC942}") = "ALL_BUILD", "ALL_BUILD.vcxproj", "{6EBDE494-7C54-4564-ABFC-371E63FAC266}"
	ProjectSection(ProjectDependencies) = postProject
		{399FAB5A-E46D-41B8-B99D-1DAEBC68A158} = {399FAB5A-E46D-41B8-B99D-1DAEBC68A158}
	EndProjectSection
EndProject
Project("{8BC9CEB8-8B4A-11D0-8D11-00A0C91BC942}") = "INSTALL", "INSTALL.vcxproj", "{E8D6DF17-CA1C-46F2-8DEF-49C32E1D7138}"
	ProjectSection(ProjectDependencies) = postProject
		{6EBDE494-7C54-4564-ABFC-371E63FAC266} = {6EBDE494-7C54-4564-ABFC-371E63FAC266}
	EndProjectSection
EndProject
Project("{8BC9CEB8-8B4A-11D0-8D11-00A0C91BC942}") = "ZERO_CHECK", "..\..\\ZERO_CHECK.vcxproj", "{16FD35CE-499E-4971-9648-F4483FCB2474}"
	ProjectSection(ProjectDependencies) = postProject
	EndProjectSection
EndProject
Project("{8BC9CEB8-8B4A-11D0-8D11-00A0C91BC942}") = "zlibstatic", "zlibstatic.vcxproj", "{399FAB5A-E46D-41B8-B99D-1DAEBC68A158}"
	ProjectSection(ProjectDependencies) = postProject
		{16FD35CE-499E-4971-9648-F4483FCB2474} = {16FD35CE-499E-4971-9648-F4483FCB2474}
	EndProjectSection
EndProject
Global
	GlobalSection(SolutionConfigurationPlatforms) = preSolution
		Debug|Win32 = Debug|Win32
		Release|Win32 = Release|Win32
	EndGlobalSection
	GlobalSection(ProjectConfigurationPlatforms) = postSolution
		{6EBDE494-7C54-4564-ABFC-371E63FAC266}.Debug|Win32.ActiveCfg = Debug|Win32
		{6EBDE494-7C54-4564-ABFC-371E63FAC266}.Debug|Win32.Build.0 = Debug|Win32
		{6EBDE494-7C54-4564-ABFC-371E63FAC266}.Release|Win32.ActiveCfg = Release|Win32
		{6EBDE494-7C54-4564-ABFC-371E63FAC266}.Release|Win32.Build.0 = Release|Win32
		{E8D6DF17-CA1C-46F2-8DEF-49C32E1D7138}.Debug|Win32.ActiveCfg = Debug|Win32
		{E8D6DF17-CA1C-46F2-8DEF-49C32E1D7138}.Release|Win32.ActiveCfg = Release|Win32
		{16FD35CE-499E-4971-9648-F4483FCB2474}.Debug|Win32.ActiveCfg = Debug|Win32
		{16FD35CE-499E-4971-9648-F4483FCB2474}.Debug|Win32.Build.0 = Debug|Win32
		{16FD35CE-499E-4971-9648-F4483FCB2474}.Release|Win32.ActiveCfg = Release|Win32
		{16FD35CE-499E-4971-9648-F4483FCB2474}.Release|Win32.Build.0 = Release|Win32
		{399FAB5A-E46D-41B8-B99D-1DAEBC68A158}.Debug|Win32.ActiveCfg = Debug|Win32
		{399FAB5A-E46D-41B8-B99D-1DAEBC68A158}.Debug|Win32.Build.0 = Debug|Win32
		{399FAB5A-E46D-41B8-B99D-1DAEBC68A158}.Release|Win32.ActiveCfg = Release|Win32
		{399FAB5A-E46D-41B8-B99D-1DAEBC68A158}.Release|Win32.Build.0 = Release|Win32
	EndGlobalSection
	GlobalSection(ExtensibilityGlobals) = postSolution
	EndGlobalSection
	GlobalSection(ExtensibilityAddIns) = postSolution
	EndGlobalSection
EndGlobal
