Microsoft Visual Studio Solution File, Format Version 12.00
# Visual Studio 14
Project("{8BC9CEB8-8B4A-11D0-8D11-00A0C91BC942}") = "ALL_BUILD", "ALL_BUILD.vcxproj", "{8AD61C82-F98B-44C9-A42F-0C4BC71FFD86}"
	ProjectSection(ProjectDependencies) = postProject
		{DA6270CC-C1CF-421C-8DB2-B741FE3540CC} = {DA6270CC-C1CF-421C-8DB2-B741FE3540CC}
		{F9CAA16C-3BF9-4FC2-B921-4D1CBDB9D344} = {F9CAA16C-3BF9-4FC2-B921-4D1CBDB9D344}
		{41654C9D-F487-4A58-AC3E-19E1E779DBE8} = {41654C9D-F487-4A58-AC3E-19E1E779DBE8}
		{3496E695-D001-476D-B242-CD3036703B1B} = {3496E695-D001-476D-B242-CD3036703B1B}
	EndProjectSection
EndProject
Project("{8BC9CEB8-8B4A-11D0-8D11-00A0C91BC942}") = "INSTALL", "INSTALL.vcxproj", "{44E1A88F-8AC6-46A5-BBB4-1EA69AEF6FC6}"
	ProjectSection(ProjectDependencies) = postProject
		{8AD61C82-F98B-44C9-A42F-0C4BC71FFD86} = {8AD61C82-F98B-44C9-A42F-0C4BC71FFD86}
	EndProjectSection
EndProject
Project("{8BC9CEB8-8B4A-11D0-8D11-00A0C91BC942}") = "SDL2", "SDL2.vcxproj", "{DA6270CC-C1CF-421C-8DB2-B741FE3540CC}"
	ProjectSection(ProjectDependencies) = postProject
		{3496E695-D001-476D-B242-CD3036703B1B} = {3496E695-D001-476D-B242-CD3036703B1B}
	EndProjectSection
EndProject
Project("{8BC9CEB8-8B4A-11D0-8D11-00A0C91BC942}") = "SDL2-static", "SDL2-static.vcxproj", "{F9CAA16C-3BF9-4FC2-B921-4D1CBDB9D344}"
	ProjectSection(ProjectDependencies) = postProject
		{3496E695-D001-476D-B242-CD3036703B1B} = {3496E695-D001-476D-B242-CD3036703B1B}
	EndProjectSection
EndProject
Project("{8BC9CEB8-8B4A-11D0-8D11-00A0C91BC942}") = "SDL2main", "SDL2main.vcxproj", "{41654C9D-F487-4A58-AC3E-19E1E779DBE8}"
	ProjectSection(ProjectDependencies) = postProject
		{3496E695-D001-476D-B242-CD3036703B1B} = {3496E695-D001-476D-B242-CD3036703B1B}
	EndProjectSection
EndProject
Project("{8BC9CEB8-8B4A-11D0-8D11-00A0C91BC942}") = "ZERO_CHECK", "ZERO_CHECK.vcxproj", "{3496E695-D001-476D-B242-CD3036703B1B}"
	ProjectSection(ProjectDependencies) = postProject
	EndProjectSection
EndProject
Project("{8BC9CEB8-8B4A-11D0-8D11-00A0C91BC942}") = "uninstall", "uninstall.vcxproj", "{6BFF9D60-8C1F-4FF0-8A50-5E9093C91429}"
	ProjectSection(ProjectDependencies) = postProject
		{3496E695-D001-476D-B242-CD3036703B1B} = {3496E695-D001-476D-B242-CD3036703B1B}
	EndProjectSection
EndProject
Global
	GlobalSection(SolutionConfigurationPlatforms) = preSolution
		Debug|Win32 = Debug|Win32
		Release|Win32 = Release|Win32
	EndGlobalSection
	GlobalSection(ProjectConfigurationPlatforms) = postSolution
		{8AD61C82-F98B-44C9-A42F-0C4BC71FFD86}.Debug|Win32.ActiveCfg = Debug|Win32
		{8AD61C82-F98B-44C9-A42F-0C4BC71FFD86}.Debug|Win32.Build.0 = Debug|Win32
		{8AD61C82-F98B-44C9-A42F-0C4BC71FFD86}.Release|Win32.ActiveCfg = Release|Win32
		{8AD61C82-F98B-44C9-A42F-0C4BC71FFD86}.Release|Win32.Build.0 = Release|Win32
		{44E1A88F-8AC6-46A5-BBB4-1EA69AEF6FC6}.Debug|Win32.ActiveCfg = Debug|Win32
		{44E1A88F-8AC6-46A5-BBB4-1EA69AEF6FC6}.Release|Win32.ActiveCfg = Release|Win32
		{DA6270CC-C1CF-421C-8DB2-B741FE3540CC}.Debug|Win32.ActiveCfg = Debug|Win32
		{DA6270CC-C1CF-421C-8DB2-B741FE3540CC}.Debug|Win32.Build.0 = Debug|Win32
		{DA6270CC-C1CF-421C-8DB2-B741FE3540CC}.Release|Win32.ActiveCfg = Release|Win32
		{DA6270CC-C1CF-421C-8DB2-B741FE3540CC}.Release|Win32.Build.0 = Release|Win32
		{F9CAA16C-3BF9-4FC2-B921-4D1CBDB9D344}.Debug|Win32.ActiveCfg = Debug|Win32
		{F9CAA16C-3BF9-4FC2-B921-4D1CBDB9D344}.Debug|Win32.Build.0 = Debug|Win32
		{F9CAA16C-3BF9-4FC2-B921-4D1CBDB9D344}.Release|Win32.ActiveCfg = Release|Win32
		{F9CAA16C-3BF9-4FC2-B921-4D1CBDB9D344}.Release|Win32.Build.0 = Release|Win32
		{41654C9D-F487-4A58-AC3E-19E1E779DBE8}.Debug|Win32.ActiveCfg = Debug|Win32
		{41654C9D-F487-4A58-AC3E-19E1E779DBE8}.Debug|Win32.Build.0 = Debug|Win32
		{41654C9D-F487-4A58-AC3E-19E1E779DBE8}.Release|Win32.ActiveCfg = Release|Win32
		{41654C9D-F487-4A58-AC3E-19E1E779DBE8}.Release|Win32.Build.0 = Release|Win32
		{3496E695-D001-476D-B242-CD3036703B1B}.Debug|Win32.ActiveCfg = Debug|Win32
		{3496E695-D001-476D-B242-CD3036703B1B}.Debug|Win32.Build.0 = Debug|Win32
		{3496E695-D001-476D-B242-CD3036703B1B}.Release|Win32.ActiveCfg = Release|Win32
		{3496E695-D001-476D-B242-CD3036703B1B}.Release|Win32.Build.0 = Release|Win32
		{6BFF9D60-8C1F-4FF0-8A50-5E9093C91429}.Debug|Win32.ActiveCfg = Debug|Win32
		{6BFF9D60-8C1F-4FF0-8A50-5E9093C91429}.Release|Win32.ActiveCfg = Release|Win32
	EndGlobalSection
	GlobalSection(ExtensibilityGlobals) = postSolution
	EndGlobalSection
	GlobalSection(ExtensibilityAddIns) = postSolution
	EndGlobalSection
EndGlobal
