<?xml version="1.0" encoding="UTF-8"?>
<Project ToolsVersion="14.0" xmlns="http://schemas.microsoft.com/developer/msbuild/2003">
  <ItemGroup>
    <CustomBuild Include="D:\Users\Flynn\Documents\Visual Studio 2015\Projects\Basilisk\dependencies\include\SDL2\CMakeLists.txt" />
    <CustomBuild Include="D:\Users\Flynn\Documents\Visual Studio 2015\Projects\Basilisk\dependencies\SDL2\CMakeFiles\123470b6f3ea7daa61124a2a01ba604b\uninstall.rule">
      <Filter>CMake Rules</Filter>
    </CustomBuild>
  </ItemGroup>
  <ItemGroup>
    <None Include="D:\Users\Flynn\Documents\Visual Studio 2015\Projects\Basilisk\dependencies\SDL2\CMakeFiles\uninstall" />
  </ItemGroup>
  <ItemGroup>
    <Filter Include="CMake Rules">
      <UniqueIdentifier>{1A211343-EC44-44BF-B89C-3D96486C8A1C}</UniqueIdentifier>
    </Filter>
  </ItemGroup>
</Project>
